{
  "name": "Django_CRM_Financial_statements",
  "lockfileVersion": 2,
  "requires": true,
  "packages": {
    "": {
      "dependencies": {
        "Select2": "^3.5.7"
      }
    },
    "node_modules/Select2": {
      "version": "3.5.7",
      "resolved": "https://registry.npmjs.org/Select2/-/Select2-3.5.7.tgz",
      "integrity": "sha512-OUmQvgBp8yAapetQE1tv3kqImZbVgt0kKQEkWTWViAZ4gPF2GploXjymphixSUima+h5X/EAmb3MqArqom8Lxw=="
    }
  },
  "dependencies": {
    "Select2": {
      "version": "3.5.7",
      "resolved": "https://registry.npmjs.org/Select2/-/Select2-3.5.7.tgz",
      "integrity": "sha512-OUmQvgBp8yAapetQE1tv3kqImZbVgt0kKQEkWTWViAZ4gPF2GploXjymphixSUima+h5X/EAmb3MqArqom8Lxw=="
    }
  }
}
